
Microsoft Visual Studio Solution File, Format Version 11.00
# Visual Studio 2010
Project("{8BC9CEB8-8B4A-11D0-8D11-00A0C91BC942}") = "1", "1\1.vcxproj", "{247BF2FA-0CEF-471D-A678-C1FA22A743F2}"
EndProject
Project("{8BC9CEB8-8B4A-11D0-8D11-00A0C91BC942}") = "2-2", "2-2\2-2.vcxproj", "{C9805C0A-7B34-4278-8387-F945448E3BF0}"
EndProject
Project("{8BC9CEB8-8B4A-11D0-8D11-00A0C91BC942}") = "2-3", "2-3\2-3.vcxproj", "{7176C7B3-8144-4474-807A-9EBE2859CB54}"
EndProject
Project("{8BC9CEB8-8B4A-11D0-8D11-00A0C91BC942}") = "2-4", "2-4\2-4.vcxproj", "{C258BDA6-5D07-4911-AE11-806C8E029E62}"
EndProject
Project("{8BC9CEB8-8B4A-11D0-8D11-00A0C91BC942}") = "2-5", "2-5\2-5.vcxproj", "{4AC9E8C6-5E2A-4017-8327-DB72572FC4E2}"
EndProject
Project("{8BC9CEB8-8B4A-11D0-8D11-00A0C91BC942}") = "3-1", "3-1\3-1.vcxproj", "{0B46D3CF-481C-4969-B1F4-5BEFC884ACEC}"
EndProject
Project("{8BC9CEB8-8B4A-11D0-8D11-00A0C91BC942}") = "3-2", "3-2\3-2.vcxproj", "{877BDE91-9087-40D4-ACBC-1EDC00364980}"
EndProject
Project("{8BC9CEB8-8B4A-11D0-8D11-00A0C91BC942}") = "3-3", "3-3\3-3.vcxproj", "{3FB8617C-1356-4DF8-AED9-5CE893FDDEAF}"
EndProject
Project("{8BC9CEB8-8B4A-11D0-8D11-00A0C91BC942}") = "3-4", "3-4\3-4.vcxproj", "{E67B1262-DF02-4A1C-805E-7C8601670EE2}"
EndProject
Project("{8BC9CEB8-8B4A-11D0-8D11-00A0C91BC942}") = "2-1", "2-1\2.vcxproj", "{6D455972-7EB7-45F1-982C-18F5DF6FFEB8}"
EndProject
Global
	GlobalSection(SolutionConfigurationPlatforms) = preSolution
		Debug|Win32 = Debug|Win32
		Release|Win32 = Release|Win32
	EndGlobalSection
	GlobalSection(ProjectConfigurationPlatforms) = postSolution
		{247BF2FA-0CEF-471D-A678-C1FA22A743F2}.Debug|Win32.ActiveCfg = Debug|Win32
		{247BF2FA-0CEF-471D-A678-C1FA22A743F2}.Debug|Win32.Build.0 = Debug|Win32
		{247BF2FA-0CEF-471D-A678-C1FA22A743F2}.Release|Win32.ActiveCfg = Release|Win32
		{247BF2FA-0CEF-471D-A678-C1FA22A743F2}.Release|Win32.Build.0 = Release|Win32
		{C9805C0A-7B34-4278-8387-F945448E3BF0}.Debug|Win32.ActiveCfg = Debug|Win32
		{C9805C0A-7B34-4278-8387-F945448E3BF0}.Debug|Win32.Build.0 = Debug|Win32
		{C9805C0A-7B34-4278-8387-F945448E3BF0}.Release|Win32.ActiveCfg = Release|Win32
		{C9805C0A-7B34-4278-8387-F945448E3BF0}.Release|Win32.Build.0 = Release|Win32
		{7176C7B3-8144-4474-807A-9EBE2859CB54}.Debug|Win32.ActiveCfg = Debug|Win32
		{7176C7B3-8144-4474-807A-9EBE2859CB54}.Debug|Win32.Build.0 = Debug|Win32
		{7176C7B3-8144-4474-807A-9EBE2859CB54}.Release|Win32.ActiveCfg = Release|Win32
		{7176C7B3-8144-4474-807A-9EBE2859CB54}.Release|Win32.Build.0 = Release|Win32
		{C258BDA6-5D07-4911-AE11-806C8E029E62}.Debug|Win32.ActiveCfg = Debug|Win32
		{C258BDA6-5D07-4911-AE11-806C8E029E62}.Debug|Win32.Build.0 = Debug|Win32
		{C258BDA6-5D07-4911-AE11-806C8E029E62}.Release|Win32.ActiveCfg = Release|Win32
		{C258BDA6-5D07-4911-AE11-806C8E029E62}.Release|Win32.Build.0 = Release|Win32
		{4AC9E8C6-5E2A-4017-8327-DB72572FC4E2}.Debug|Win32.ActiveCfg = Debug|Win32
		{4AC9E8C6-5E2A-4017-8327-DB72572FC4E2}.Debug|Win32.Build.0 = Debug|Win32
		{4AC9E8C6-5E2A-4017-8327-DB72572FC4E2}.Release|Win32.ActiveCfg = Release|Win32
		{4AC9E8C6-5E2A-4017-8327-DB72572FC4E2}.Release|Win32.Build.0 = Release|Win32
		{0B46D3CF-481C-4969-B1F4-5BEFC884ACEC}.Debug|Win32.ActiveCfg = Debug|Win32
		{0B46D3CF-481C-4969-B1F4-5BEFC884ACEC}.Debug|Win32.Build.0 = Debug|Win32
		{0B46D3CF-481C-4969-B1F4-5BEFC884ACEC}.Release|Win32.ActiveCfg = Release|Win32
		{0B46D3CF-481C-4969-B1F4-5BEFC884ACEC}.Release|Win32.Build.0 = Release|Win32
		{877BDE91-9087-40D4-ACBC-1EDC00364980}.Debug|Win32.ActiveCfg = Debug|Win32
		{877BDE91-9087-40D4-ACBC-1EDC00364980}.Debug|Win32.Build.0 = Debug|Win32
		{877BDE91-9087-40D4-ACBC-1EDC00364980}.Release|Win32.ActiveCfg = Release|Win32
		{877BDE91-9087-40D4-ACBC-1EDC00364980}.Release|Win32.Build.0 = Release|Win32
		{3FB8617C-1356-4DF8-AED9-5CE893FDDEAF}.Debug|Win32.ActiveCfg = Debug|Win32
		{3FB8617C-1356-4DF8-AED9-5CE893FDDEAF}.Debug|Win32.Build.0 = Debug|Win32
		{3FB8617C-1356-4DF8-AED9-5CE893FDDEAF}.Release|Win32.ActiveCfg = Release|Win32
		{3FB8617C-1356-4DF8-AED9-5CE893FDDEAF}.Release|Win32.Build.0 = Release|Win32
		{E67B1262-DF02-4A1C-805E-7C8601670EE2}.Debug|Win32.ActiveCfg = Debug|Win32
		{E67B1262-DF02-4A1C-805E-7C8601670EE2}.Debug|Win32.Build.0 = Debug|Win32
		{E67B1262-DF02-4A1C-805E-7C8601670EE2}.Release|Win32.ActiveCfg = Release|Win32
		{E67B1262-DF02-4A1C-805E-7C8601670EE2}.Release|Win32.Build.0 = Release|Win32
		{6D455972-7EB7-45F1-982C-18F5DF6FFEB8}.Debug|Win32.ActiveCfg = Debug|Win32
		{6D455972-7EB7-45F1-982C-18F5DF6FFEB8}.Debug|Win32.Build.0 = Debug|Win32
		{6D455972-7EB7-45F1-982C-18F5DF6FFEB8}.Release|Win32.ActiveCfg = Release|Win32
		{6D455972-7EB7-45F1-982C-18F5DF6FFEB8}.Release|Win32.Build.0 = Release|Win32
	EndGlobalSection
	GlobalSection(SolutionProperties) = preSolution
		HideSolutionNode = FALSE
	EndGlobalSection
EndGlobal
